// !$*UTF8*$!
{
	archiveVersion = 1;
	classes = {
	};
	objectVersion = 46;
	objects = {

/* Begin PBXBuildFile section */
		B7277AF61A09A04D00C654BF /* MTAFileCompiler.swift in Sources */ = {isa = PBXBuildFile; fileRef = B7277AF51A09A04D00C654BF /* MTAFileCompiler.swift */; };
		B76DC3F01A06895D004A5910 /* MTAWindowController.swift in Sources */ = {isa = PBXBuildFile; fileRef = B76DC3EF1A06895D004A5910 /* MTAWindowController.swift */; };
		B7EBC9731A066D97000D78A6 /* AppDelegate.swift in Sources */ = {isa = PBXBuildFile; fileRef = B7EBC9721A066D97000D78A6 /* AppDelegate.swift */; };
		B7EBC9771A066D98000D78A6 /* Images.xcassets in Resources */ = {isa = PBXBuildFile; fileRef = B7EBC9761A066D98000D78A6 /* Images.xcassets */; };
		B7EBC97A1A066D98000D78A6 /* Main.storyboard in Resources */ = {isa = PBXBuildFile; fileRef = B7EBC9781A066D98000D78A6 /* Main.storyboard */; };
		B7EBC9861A066D98000D78A6 /* MTA_Lua_CompilerTests.swift in Sources */ = {isa = PBXBuildFile; fileRef = B7EBC9851A066D98000D78A6 /* MTA_Lua_CompilerTests.swift */; };
		B7FADCD81A07F0CB006BF057 /* FileManagerViewController.swift in Sources */ = {isa = PBXBuildFile; fileRef = B7FADCD71A07F0CB006BF057 /* FileManagerViewController.swift */; };
/* End PBXBuildFile section */

/* Begin PBXContainerItemProxy section */
		B7EBC9801A066D98000D78A6 /* PBXContainerItemProxy */ = {
			isa = PBXContainerItemProxy;
			containerPortal = B7EBC9651A066D96000D78A6 /* Project object */;
			proxyType = 1;
			remoteGlobalIDString = B7EBC96C1A066D97000D78A6;
			remoteInfo = "MTA Lua Compiler";
		};
/* End PBXContainerItemProxy section */

/* Begin PBXFileReference section */
		B7277AF51A09A04D00C654BF /* MTAFileCompiler.swift */ = {isa = PBXFileReference; fileEncoding = 4; lastKnownFileType = sourcecode.swift; path = MTAFileCompiler.swift; sourceTree = "<group>"; };
		B76DC3EF1A06895D004A5910 /* MTAWindowController.swift */ = {isa = PBXFileReference; fileEncoding = 4; lastKnownFileType = sourcecode.swift; name = MTAWindowController.swift; path = ../MTAWindowController.swift; sourceTree = "<group>"; };
		B7EBC96D1A066D97000D78A6 /* MTA Lua Compiler.app */ = {isa = PBXFileReference; explicitFileType = wrapper.application; includeInIndex = 0; path = "MTA Lua Compiler.app"; sourceTree = BUILT_PRODUCTS_DIR; };
		B7EBC9711A066D97000D78A6 /* Info.plist */ = {isa = PBXFileReference; lastKnownFileType = text.plist.xml; path = Info.plist; sourceTree = "<group>"; };
		B7EBC9721A066D97000D78A6 /* AppDelegate.swift */ = {isa = PBXFileReference; lastKnownFileType = sourcecode.swift; path = AppDelegate.swift; sourceTree = "<group>"; };
		B7EBC9761A066D98000D78A6 /* Images.xcassets */ = {isa = PBXFileReference; lastKnownFileType = folder.assetcatalog; path = Images.xcassets; sourceTree = "<group>"; };
		B7EBC9791A066D98000D78A6 /* Base */ = {isa = PBXFileReference; lastKnownFileType = file.storyboard; name = Base; path = Base.lproj/Main.storyboard; sourceTree = "<group>"; };
		B7EBC97F1A066D98000D78A6 /* MTA Lua CompilerTests.xctest */ = {isa = PBXFileReference; explicitFileType = wrapper.cfbundle; includeInIndex = 0; path = "MTA Lua CompilerTests.xctest"; sourceTree = BUILT_PRODUCTS_DIR; };
		B7EBC9841A066D98000D78A6 /* Info.plist */ = {isa = PBXFileReference; lastKnownFileType = text.plist.xml; path = Info.plist; sourceTree = "<group>"; };
		B7EBC9851A066D98000D78A6 /* MTA_Lua_CompilerTests.swift */ = {isa = PBXFileReference; lastKnownFileType = sourcecode.swift; path = MTA_Lua_CompilerTests.swift; sourceTree = "<group>"; };
		B7FADCD71A07F0CB006BF057 /* FileManagerViewController.swift */ = {isa = PBXFileReference; fileEncoding = 4; lastKnownFileType = sourcecode.swift; path = FileManagerViewController.swift; sourceTree = "<group>"; };
/* End PBXFileReference section */

/* Begin PBXFrameworksBuildPhase section */
		B7EBC96A1A066D97000D78A6 /* Frameworks */ = {
			isa = PBXFrameworksBuildPhase;
			buildActionMask = 2147483647;
			files = (
			);
			runOnlyForDeploymentPostprocessing = 0;
		};
		B7EBC97C1A066D98000D78A6 /* Frameworks */ = {
			isa = PBXFrameworksBuildPhase;
			buildActionMask = 2147483647;
			files = (
			);
			runOnlyForDeploymentPostprocessing = 0;
		};
/* End PBXFrameworksBuildPhase section */

/* Begin PBXGroup section */
		B7EBC9641A066D96000D78A6 = {
			isa = PBXGroup;
			children = (
				B7EBC96F1A066D97000D78A6 /* MTA Lua Compiler */,
				B7EBC9821A066D98000D78A6 /* MTA Lua CompilerTests */,
				B7EBC96E1A066D97000D78A6 /* Products */,
			);
			sourceTree = "<group>";
		};
		B7EBC96E1A066D97000D78A6 /* Products */ = {
			isa = PBXGroup;
			children = (
				B7EBC96D1A066D97000D78A6 /* MTA Lua Compiler.app */,
				B7EBC97F1A066D98000D78A6 /* MTA Lua CompilerTests.xctest */,
			);
			name = Products;
			sourceTree = "<group>";
		};
		B7EBC96F1A066D97000D78A6 /* MTA Lua Compiler */ = {
			isa = PBXGroup;
			children = (
				B76DC3EF1A06895D004A5910 /* MTAWindowController.swift */,
				B7FADCD71A07F0CB006BF057 /* FileManagerViewController.swift */,
				B7EBC9721A066D97000D78A6 /* AppDelegate.swift */,
				B7EBC9761A066D98000D78A6 /* Images.xcassets */,
				B7EBC9781A066D98000D78A6 /* Main.storyboard */,
				B7277AF51A09A04D00C654BF /* MTAFileCompiler.swift */,
				B7EBC9701A066D97000D78A6 /* Supporting Files */,
			);
			path = "MTA Lua Compiler";
			sourceTree = "<group>";
		};
		B7EBC9701A066D97000D78A6 /* Supporting Files */ = {
			isa = PBXGroup;
			children = (
				B7EBC9711A066D97000D78A6 /* Info.plist */,
			);
			name = "Supporting Files";
			sourceTree = "<group>";
		};
		B7EBC9821A066D98000D78A6 /* MTA Lua CompilerTests */ = {
			isa = PBXGroup;
			children = (
				B7EBC9851A066D98000D78A6 /* MTA_Lua_CompilerTests.swift */,
				B7EBC9831A066D98000D78A6 /* Supporting Files */,
			);
			path = "MTA Lua CompilerTests";
			sourceTree = "<group>";
		};
		B7EBC9831A066D98000D78A6 /* Supporting Files */ = {
			isa = PBXGroup;
			children = (
				B7EBC9841A066D98000D78A6 /* Info.plist */,
			);
			name = "Supporting Files";
			sourceTree = "<group>";
		};
/* End PBXGroup section */

/* Begin PBXNativeTarget section */
		B7EBC96C1A066D97000D78A6 /* MTA Lua Compiler */ = {
			isa = PBXNativeTarget;
			buildConfigurationList = B7EBC9891A066D98000D78A6 /* Build configuration list for PBXNativeTarget "MTA Lua Compiler" */;
			buildPhases = (
				B7EBC9691A066D97000D78A6 /* Sources */,
				B7EBC96A1A066D97000D78A6 /* Frameworks */,
				B7EBC96B1A066D97000D78A6 /* Resources */,
			);
			buildRules = (
			);
			dependencies = (
			);
			name = "MTA Lua Compiler";
			productName = "MTA Lua Compiler";
			productReference = B7EBC96D1A066D97000D78A6 /* MTA Lua Compiler.app */;
			productType = "com.apple.product-type.application";
		};
		B7EBC97E1A066D98000D78A6 /* MTA Lua CompilerTests */ = {
			isa = PBXNativeTarget;
			buildConfigurationList = B7EBC98C1A066D98000D78A6 /* Build configuration list for PBXNativeTarget "MTA Lua CompilerTests" */;
			buildPhases = (
				B7EBC97B1A066D98000D78A6 /* Sources */,
				B7EBC97C1A066D98000D78A6 /* Frameworks */,
				B7EBC97D1A066D98000D78A6 /* Resources */,
			);
			buildRules = (
			);
			dependencies = (
				B7EBC9811A066D98000D78A6 /* PBXTargetDependency */,
			);
			name = "MTA Lua CompilerTests";
			productName = "MTA Lua CompilerTests";
			productReference = B7EBC97F1A066D98000D78A6 /* MTA Lua CompilerTests.xctest */;
			productType = "com.apple.product-type.bundle.unit-test";
		};
/* End PBXNativeTarget section */

/* Begin PBXProject section */
		B7EBC9651A066D96000D78A6 /* Project object */ = {
			isa = PBXProject;
			attributes = {
				LastUpgradeCheck = 0610;
				ORGANIZATIONNAME = qaisjp;
				TargetAttributes = {
					B7EBC96C1A066D97000D78A6 = {
						CreatedOnToolsVersion = 6.1;
					};
					B7EBC97E1A066D98000D78A6 = {
						CreatedOnToolsVersion = 6.1;
						TestTargetID = B7EBC96C1A066D97000D78A6;
					};
				};
			};
			buildConfigurationList = B7EBC9681A066D96000D78A6 /* Build configuration list for PBXProject "MTA Lua Compiler" */;
			compatibilityVersion = "Xcode 3.2";
			developmentRegion = English;
			hasScannedForEncodings = 0;
			knownRegions = (
				en,
				Base,
			);
			mainGroup = B7EBC9641A066D96000D78A6;
			productRefGroup = B7EBC96E1A066D97000D78A6 /* Products */;
			projectDirPath = "";
			projectRoot = "";
			targets = (
				B7EBC96C1A066D97000D78A6 /* MTA Lua Compiler */,
				B7EBC97E1A066D98000D78A6 /* MTA Lua CompilerTests */,
			);
		};
/* End PBXProject section */

/* Begin PBXResourcesBuildPhase section */
		B7EBC96B1A066D97000D78A6 /* Resources */ = {
			isa = PBXResourcesBuildPhase;
			buildActionMask = 2147483647;
			files = (
				B7EBC9771A066D98000D78A6 /* Images.xcassets in Resources */,
				B7EBC97A1A066D98000D78A6 /* Main.storyboard in Resources */,
			);
			runOnlyForDeploymentPostprocessing = 0;
		};
		B7EBC97D1A066D98000D78A6 /* Resources */ = {
			isa = PBXResourcesBuildPhase;
			buildActionMask = 2147483647;
			files = (
			);
			runOnlyForDeploymentPostprocessing = 0;
		};
/* End PBXResourcesBuildPhase section */

/* Begin PBXSourcesBuildPhase section */
		B7EBC9691A066D97000D78A6 /* Sources */ = {
			isa = PBXSourcesBuildPhase;
			buildActionMask = 2147483647;
			files = (
				B7FADCD81A07F0CB006BF057 /* FileManagerViewController.swift in Sources */,
				B7277AF61A09A04D00C654BF /* MTAFileCompiler.swift in Sources */,
				B76DC3F01A06895D004A5910 /* MTAWindowController.swift in Sources */,
				B7EBC9731A066D97000D78A6 /* AppDelegate.swift in Sources */,
			);
			runOnlyForDeploymentPostprocessing = 0;
		};
		B7EBC97B1A066D98000D78A6 /* Sources */ = {
			isa = PBXSourcesBuildPhase;
			buildActionMask = 2147483647;
			files = (
				B7EBC9861A066D98000D78A6 /* MTA_Lua_CompilerTests.swift in Sources */,
			);
			runOnlyForDeploymentPostprocessing = 0;
		};
/* End PBXSourcesBuildPhase section */

/* Begin PBXTargetDependency section */
		B7EBC9811A066D98000D78A6 /* PBXTargetDependency */ = {
			isa = PBXTargetDependency;
			target = B7EBC96C1A066D97000D78A6 /* MTA Lua Compiler */;
			targetProxy = B7EBC9801A066D98000D78A6 /* PBXContainerItemProxy */;
		};
/* End PBXTargetDependency section */

/* Begin PBXVariantGroup section */
		B7EBC9781A066D98000D78A6 /* Main.storyboard */ = {
			isa = PBXVariantGroup;
			children = (
				B7EBC9791A066D98000D78A6 /* Base */,
			);
			name = Main.storyboard;
			sourceTree = "<group>";
		};
/* End PBXVariantGroup section */

/* Begin XCBuildConfiguration section */
		B7EBC9871A066D98000D78A6 /* Debug */ = {
			isa = XCBuildConfiguration;
			buildSettings = {
				ALWAYS_SEARCH_USER_PATHS = NO;
				CLANG_CXX_LANGUAGE_STANDARD = "gnu++0x";
				CLANG_CXX_LIBRARY = "libc++";
				CLANG_ENABLE_MODULES = YES;
				CLANG_ENABLE_OBJC_ARC = YES;
				CLANG_WARN_BOOL_CONVERSION = YES;
				CLANG_WARN_CONSTANT_CONVERSION = YES;
				CLANG_WARN_DIRECT_OBJC_ISA_USAGE = YES_ERROR;
				CLANG_WARN_EMPTY_BODY = YES;
				CLANG_WARN_ENUM_CONVERSION = YES;
				CLANG_WARN_INT_CONVERSION = YES;
				CLANG_WARN_OBJC_ROOT_CLASS = YES_ERROR;
				CLANG_WARN_UNREACHABLE_CODE = YES;
				CLANG_WARN__DUPLICATE_METHOD_MATCH = YES;
				CODE_SIGN_IDENTITY = "-";
				COPY_PHASE_STRIP = NO;
				ENABLE_STRICT_OBJC_MSGSEND = YES;
				GCC_C_LANGUAGE_STANDARD = gnu99;
				GCC_DYNAMIC_NO_PIC = NO;
				GCC_OPTIMIZATION_LEVEL = 0;
				GCC_PREPROCESSOR_DEFINITIONS = (
					"DEBUG=1",
					"$(inherited)",
				);
				GCC_SYMBOLS_PRIVATE_EXTERN = NO;
				GCC_WARN_64_TO_32_BIT_CONVERSION = YES;
				GCC_WARN_ABOUT_RETURN_TYPE = YES_ERROR;
				GCC_WARN_UNDECLARED_SELECTOR = YES;
				GCC_WARN_UNINITIALIZED_AUTOS = YES_AGGRESSIVE;
				GCC_WARN_UNUSED_FUNCTION = YES;
				GCC_WARN_UNUSED_VARIABLE = YES;
				MACOSX_DEPLOYMENT_TARGET = 10.10;
				MTL_ENABLE_DEBUG_INFO = YES;
				ONLY_ACTIVE_ARCH = YES;
				SDKROOT = macosx;
				SWIFT_OPTIMIZATION_LEVEL = "-Onone";
			};
			name = Debug;
		};
		B7EBC9881A066D98000D78A6 /* Release */ = {
			isa = XCBuildConfiguration;
			buildSettings = {
				ALWAYS_SEARCH_USER_PATHS = NO;
				CLANG_CXX_LANGUAGE_STANDARD = "gnu++0x";
				CLANG_CXX_LIBRARY = "libc++";
				CLANG_ENABLE_MODULES = YES;
				CLANG_ENABLE_OBJC_ARC = YES;
				CLANG_WARN_BOOL_CONVERSION = YES;
				CLANG_WARN_CONSTANT_CONVERSION = YES;
				CLANG_WARN_DIRECT_OBJC_ISA_USAGE = YES_ERROR;
				CLANG_WARN_EMPTY_BODY = YES;
				CLANG_WARN_ENUM_CONVERSION = YES;
				CLANG_WARN_INT_CONVERSION = YES;
				CLANG_WARN_OBJC_ROOT_CLASS = YES_ERROR;
				CLANG_WARN_UNREACHABLE_CODE = YES;
				CLANG_WARN__DUPLICATE_METHOD_MATCH = YES;
				CODE_SIGN_IDENTITY = "-";
				COPY_PHASE_STRIP = YES;
				DEBUG_INFORMATION_FORMAT = "dwarf-with-dsym";
				ENABLE_NS_ASSERTIONS = NO;
				ENABLE_STRICT_OBJC_MSGSEND = YES;
				GCC_C_LANGUAGE_STANDARD = gnu99;
				GCC_WARN_64_TO_32_BIT_CONVERSION = YES;
				GCC_WARN_ABOUT_RETURN_TYPE = YES_ERROR;
				GCC_WARN_UNDECLARED_SELECTOR = YES;
				GCC_WARN_UNINITIALIZED_AUTOS = YES_AGGRESSIVE;
				GCC_WARN_UNUSED_FUNCTION = YES;
				GCC_WARN_UNUSED_VARIABLE = YES;
				MACOSX_DEPLOYMENT_TARGET = 10.10;
				MTL_ENABLE_DEBUG_INFO = NO;
				SDKROOT = macosx;
			};
			name = Release;
		};
		B7EBC98A1A066D98000D78A6 /* Debug */ = {
			isa = XCBuildConfiguration;
			buildSettings = {
				ASSETCATALOG_COMPILER_APPICON_NAME = AppIcon;
				COMBINE_HIDPI_IMAGES = YES;
				INFOPLIST_FILE = "MTA Lua Compiler/Info.plist";
				LD_RUNPATH_SEARCH_PATHS = "$(inherited) @executable_path/../Frameworks";
				PRODUCT_NAME = "$(TARGET_NAME)";
			};
			name = Debug;
		};
		B7EBC98B1A066D98000D78A6 /* Release */ = {
			isa = XCBuildConfiguration;
			buildSettings = {
				ASSETCATALOG_COMPILER_APPICON_NAME = AppIcon;
				COMBINE_HIDPI_IMAGES = YES;
				INFOPLIST_FILE = "MTA Lua Compiler/Info.plist";
				LD_RUNPATH_SEARCH_PATHS = "$(inherited) @executable_path/../Frameworks";
				PRODUCT_NAME = "$(TARGET_NAME)";
			};
			name = Release;
		};
		B7EBC98D1A066D98000D78A6 /* Debug */ = {
			isa = XCBuildConfiguration;
			buildSettings = {
				BUNDLE_LOADER = "$(TEST_HOST)";
				COMBINE_HIDPI_IMAGES = YES;
				FRAMEWORK_SEARCH_PATHS = (
					"$(DEVELOPER_FRAMEWORKS_DIR)",
					"$(inherited)",
				);
				GCC_PREPROCESSOR_DEFINITIONS = (
					"DEBUG=1",
					"$(inherited)",
				);
				INFOPLIST_FILE = "MTA Lua CompilerTests/Info.plist";
				LD_RUNPATH_SEARCH_PATHS = "$(inherited) @executable_path/../Frameworks @loader_path/../Frameworks";
				PRODUCT_NAME = "$(TARGET_NAME)";
				TEST_HOST = "$(BUILT_PRODUCTS_DIR)/MTA Lua Compiler.app/Contents/MacOS/MTA Lua Compiler";
			};
			name = Debug;
		};
		B7EBC98E1A066D98000D78A6 /* Release */ = {
			isa = XCBuildConfiguration;
			buildSettings = {
				BUNDLE_LOADER = "$(TEST_HOST)";
				COMBINE_HIDPI_IMAGES = YES;
				FRAMEWORK_SEARCH_PATHS = (
					"$(DEVELOPER_FRAMEWORKS_DIR)",
					"$(inherited)",
				);
				INFOPLIST_FILE = "MTA Lua CompilerTests/Info.plist";
				LD_RUNPATH_SEARCH_PATHS = "$(inherited) @executable_path/../Frameworks @loader_path/../Frameworks";
				PRODUCT_NAME = "$(TARGET_NAME)";
				TEST_HOST = "$(BUILT_PRODUCTS_DIR)/MTA Lua Compiler.app/Contents/MacOS/MTA Lua Compiler";
			};
			name = Release;
		};
/* End XCBuildConfiguration section */

/* Begin XCConfigurationList section */
		B7EBC9681A066D96000D78A6 /* Build configuration list for PBXProject "MTA Lua Compiler" */ = {
			isa = XCConfigurationList;
			buildConfigurations = (
				B7EBC9871A066D98000D78A6 /* Debug */,
				B7EBC9881A066D98000D78A6 /* Release */,
			);
			defaultConfigurationIsVisible = 0;
			defaultConfigurationName = Release;
		};
		B7EBC9891A066D98000D78A6 /* Build configuration list for PBXNativeTarget "MTA Lua Compiler" */ = {
			isa = XCConfigurationList;
			buildConfigurations = (
				B7EBC98A1A066D98000D78A6 /* Debug */,
				B7EBC98B1A066D98000D78A6 /* Release */,
			);
			defaultConfigurationIsVisible = 0;
			defaultConfigurationName = Release;
		};
		B7EBC98C1A066D98000D78A6 /* Build configuration list for PBXNativeTarget "MTA Lua CompilerTests" */ = {
			isa = XCConfigurationList;
			buildConfigurations = (
				B7EBC98D1A066D98000D78A6 /* Debug */,
				B7EBC98E1A066D98000D78A6 /* Release */,
			);
			defaultConfigurationIsVisible = 0;
			defaultConfigurationName = Release;
		};
/* End XCConfigurationList section */
	};
	rootObject = B7EBC9651A066D96000D78A6 /* Project object */;
}
